{
	"name": "coffeeandcode.app",
	"lockfileVersion": 3,
	"requires": true,
	"packages": {
		"": {
			"dependencies": {
				"pocketbase": "^0.10.1",
				"preact": "^10.11.3",
				"preact-iso": "^2.3.1",
				"use-asset": "^1.0.4"
			},
			"devDependencies": {
				"wmr": "^3.8.0"
			}
		},
		"node_modules/fast-deep-equal": {
			"version": "3.1.3",
			"resolved": "https://registry.npmjs.org/fast-deep-equal/-/fast-deep-equal-3.1.3.tgz",
			"integrity": "sha512-f3qQ9oQy9j2AhBe/H9VC91wLmKBCCU/gDOnKNAYG5hswO7BLKj09Hc5HYNz9cGI++xlpDCIgDaitVs03ATR84Q=="
		},
		"node_modules/fsevents": {
			"version": "2.3.2",
			"resolved": "https://registry.npmjs.org/fsevents/-/fsevents-2.3.2.tgz",
			"integrity": "sha512-xiqMQR4xAeHTuB9uWm+fFRcIOgKBMiOBP+eXiyT7jsgVCq1bkVygt00oASowB7EdtpOHaaPgKt812P9ab+DDKA==",
			"dev": true,
			"hasInstallScript": true,
			"optional": true,
			"os": [
				"darwin"
			],
			"engines": {
				"node": "^8.16.0 || ^10.6.0 || >=11.0.0"
			}
		},
		"node_modules/js-tokens": {
			"version": "4.0.0",
			"resolved": "https://registry.npmjs.org/js-tokens/-/js-tokens-4.0.0.tgz",
			"integrity": "sha512-RdJUflcE3cUzKiMqQgsCu06FPu9UdIJO0beYbPhHN4k6apgJtifcoCtT9bcxOpYBtpD2kCM6Sbzg4CausW/PKQ==",
			"peer": true
		},
		"node_modules/loose-envify": {
			"version": "1.4.0",
			"resolved": "https://registry.npmjs.org/loose-envify/-/loose-envify-1.4.0.tgz",
			"integrity": "sha512-lyuxPGr/Wfhrlem2CL/UcnUc1zcqKAImBDzukY7Y5F/yQiNdko6+fRLevlw1HgMySw7f611UIY408EtxRSoK3Q==",
			"peer": true,
			"dependencies": {
				"js-tokens": "^3.0.0 || ^4.0.0"
			},
			"bin": {
				"loose-envify": "cli.js"
			}
		},
		"node_modules/pocketbase": {
			"version": "0.10.1",
			"resolved": "https://registry.npmjs.org/pocketbase/-/pocketbase-0.10.1.tgz",
			"integrity": "sha512-FMBhF+9o2AmdKJYbfz2qunnk4Q5/efYMRcukdQF49UfhsIuaSYl39fSPN1l880bYI4XAvDDeySAjK1MlxrK37A=="
		},
		"node_modules/preact": {
			"version": "10.11.3",
			"resolved": "https://registry.npmjs.org/preact/-/preact-10.11.3.tgz",
			"integrity": "sha512-eY93IVpod/zG3uMF22Unl8h9KkrcKIRs2EGar8hwLZZDU1lkjph303V9HZBwufh2s736U6VXuhD109LYqPoffg==",
			"funding": {
				"type": "opencollective",
				"url": "https://opencollective.com/preact"
			}
		},
		"node_modules/preact-iso": {
			"version": "2.3.1",
			"resolved": "https://registry.npmjs.org/preact-iso/-/preact-iso-2.3.1.tgz",
			"integrity": "sha512-PtiG0dJlyvIDfvqROCybIFq96CS2s8nLg8ZR4Yporx3mPQ5FgWGNKb+ejjewtjEDMdCUlYmMT8SdapWEAxVJ2Q==",
			"peerDependencies": {
				"preact": ">=10",
				"preact-render-to-string": ">=5"
			}
		},
		"node_modules/preact-render-to-string": {
			"version": "5.2.6",
			"resolved": "https://registry.npmjs.org/preact-render-to-string/-/preact-render-to-string-5.2.6.tgz",
			"integrity": "sha512-JyhErpYOvBV1hEPwIxc/fHWXPfnEGdRKxc8gFdAZ7XV4tlzyzG847XAyEZqoDnynP88akM4eaHcSOzNcLWFguw==",
			"peer": true,
			"dependencies": {
				"pretty-format": "^3.8.0"
			},
			"peerDependencies": {
				"preact": ">=10"
			}
		},
		"node_modules/pretty-format": {
			"version": "3.8.0",
			"resolved": "https://registry.npmjs.org/pretty-format/-/pretty-format-3.8.0.tgz",
			"integrity": "sha512-WuxUnVtlWL1OfZFQFuqvnvs6MiAGk9UNsBostyBOB0Is9wb5uRESevA6rnl/rkksXaGX3GzZhPup5d6Vp1nFew==",
			"peer": true
		},
		"node_modules/react": {
			"version": "18.2.0",
			"resolved": "https://registry.npmjs.org/react/-/react-18.2.0.tgz",
			"integrity": "sha512-/3IjMdb2L9QbBdWiW5e3P2/npwMBaU9mHCSCUzNln0ZCYbcfTsGbTJrU/kGemdH2IWmB2ioZ+zkxtmq6g09fGQ==",
			"peer": true,
			"dependencies": {
				"loose-envify": "^1.1.0"
			},
			"engines": {
				"node": ">=0.10.0"
			}
		},
		"node_modules/use-asset": {
			"version": "1.0.4",
			"resolved": "https://registry.npmjs.org/use-asset/-/use-asset-1.0.4.tgz",
			"integrity": "sha512-7/hqDrWa0iMnCoET9W1T07EmD4Eg/Wmoj/X8TGBc++ECRK4m5yTsjP4O6s0yagbxfqIOuUkIxe2/sA+VR2GxZA==",
			"dependencies": {
				"fast-deep-equal": "^3.1.3"
			},
			"peerDependencies": {
				"react": ">=17.0"
			}
		},
		"node_modules/wmr": {
			"version": "3.8.0",
			"resolved": "https://registry.npmjs.org/wmr/-/wmr-3.8.0.tgz",
			"integrity": "sha512-W3f2nB80C9Y0uNZXWMoxINkz4HdBRxt5MvxmcFcMlO87Ybsf6ny23kVUUzU8RA2LX86CpReMHl2Y0BTMLezLRg==",
			"dev": true,
			"bin": {
				"wmr": "wmr.cjs"
			},
			"engines": {
				"node": ">=12.17.x"
			},
			"optionalDependencies": {
				"fsevents": "^2.1.3"
			}
		}
	}
}
