{
	"name": "experiment.coffeeandcode.app",
	"lockfileVersion": 3,
	"requires": true,
	"packages": {
		"": {
			"dependencies": {
				"@preact/signals": "^1.1.3",
				"@twind/wmr": "^1.0.10",
				"date-fns": "^2.29.3",
				"howler": "^2.2.3",
				"localforage": "^1.10.0",
				"pocketbase": "^0.10.1",
				"preact": "^10.11.3",
				"preact-iso": "^2.3.1",
				"twind": "^0.16.19",
				"use-asset": "^1.0.4",
				"xstate": "^4.35.3"
			},
			"devDependencies": {
				"wmr": "^3.8.0"
			}
		},
		"node_modules/@preact/signals": {
			"version": "1.1.3",
			"resolved": "https://registry.npmjs.org/@preact/signals/-/signals-1.1.3.tgz",
			"integrity": "sha512-N09DuAVvc90bBZVRwD+aFhtGyHAmJLhS3IFoawO/bYJRcil4k83nBOchpCEoS0s5+BXBpahgp0Mjf+IOqP57Og==",
			"dependencies": {
				"@preact/signals-core": "^1.2.3"
			},
			"funding": {
				"type": "opencollective",
				"url": "https://opencollective.com/preact"
			},
			"peerDependencies": {
				"preact": "10.x"
			}
		},
		"node_modules/@preact/signals-core": {
			"version": "1.2.3",
			"resolved": "https://registry.npmjs.org/@preact/signals-core/-/signals-core-1.2.3.tgz",
			"integrity": "sha512-Kui4p7PMcEQevBgsTO0JBo3gyQ88Q3qzEvsVCuSp11t0JcN4DmGCTJcGRVSCq7Bn7lGxJBO+57jNSzDoDJ+QmA==",
			"funding": {
				"type": "opencollective",
				"url": "https://opencollective.com/preact"
			}
		},
		"node_modules/@twind/preact": {
			"version": "1.0.5",
			"resolved": "https://registry.npmjs.org/@twind/preact/-/preact-1.0.5.tgz",
			"integrity": "sha512-VG4ja6EHOWUs0mVsKMfGobAC6C7NTJOVjirgQERXXqcbevlu1HU+vckNlBntlftq0c6LXHEpzwbghM3o42N/fw==",
			"engines": {
				"node": ">=10.13"
			},
			"peerDependencies": {
				"preact": "^10.5.12",
				"twind": ">=0.15.9 <2",
				"typescript": "^4.1.0"
			},
			"peerDependenciesMeta": {
				"typescript": {
					"optional": true
				}
			}
		},
		"node_modules/@twind/wmr": {
			"version": "1.0.10",
			"resolved": "https://registry.npmjs.org/@twind/wmr/-/wmr-1.0.10.tgz",
			"integrity": "sha512-AvMvjaMbiYmUyhGVFkunEWxCVrbp8PU3NlWpgl7a45b7AtR4nT219UWqJtggwIovY+u61VMQaPnPgCnxsX5wlA==",
			"dependencies": {
				"@twind/preact": "^1.0.5"
			},
			"engines": {
				"node": ">=10.13"
			},
			"peerDependencies": {
				"preact": "^10.5.12",
				"preact-iso": ">=1.0.0 <3",
				"twind": ">=0.15.9 <2",
				"typescript": "^4.1.0"
			},
			"peerDependenciesMeta": {
				"typescript": {
					"optional": true
				}
			}
		},
		"node_modules/csstype": {
			"version": "3.1.1",
			"resolved": "https://registry.npmjs.org/csstype/-/csstype-3.1.1.tgz",
			"integrity": "sha512-DJR/VvkAvSZW9bTouZue2sSxDwdTN92uHjqeKVm+0dAqdfNykRzQ95tay8aXMBAAPpUiq4Qcug2L7neoRh2Egw=="
		},
		"node_modules/date-fns": {
			"version": "2.29.3",
			"resolved": "https://registry.npmjs.org/date-fns/-/date-fns-2.29.3.tgz",
			"integrity": "sha512-dDCnyH2WnnKusqvZZ6+jA1O51Ibt8ZMRNkDZdyAyK4YfbDwa/cEmuztzG5pk6hqlp9aSBPYcjOlktquahGwGeA==",
			"engines": {
				"node": ">=0.11"
			},
			"funding": {
				"type": "opencollective",
				"url": "https://opencollective.com/date-fns"
			}
		},
		"node_modules/dom-serializer": {
			"version": "1.4.1",
			"resolved": "https://registry.npmjs.org/dom-serializer/-/dom-serializer-1.4.1.tgz",
			"integrity": "sha512-VHwB3KfrcOOkelEG2ZOfxqLZdfkil8PtJi4P8N2MMXucZq2yLp75ClViUlOVwyoHEDjYU433Aq+5zWP61+RGag==",
			"dependencies": {
				"domelementtype": "^2.0.1",
				"domhandler": "^4.2.0",
				"entities": "^2.0.0"
			},
			"funding": {
				"url": "https://github.com/cheeriojs/dom-serializer?sponsor=1"
			}
		},
		"node_modules/domelementtype": {
			"version": "2.3.0",
			"resolved": "https://registry.npmjs.org/domelementtype/-/domelementtype-2.3.0.tgz",
			"integrity": "sha512-OLETBj6w0OsagBwdXnPdN0cnMfF9opN69co+7ZrbfPGrdpPVNBUj02spi6B1N7wChLQiPn4CSH/zJvXw56gmHw==",
			"funding": [
				{
					"type": "github",
					"url": "https://github.com/sponsors/fb55"
				}
			]
		},
		"node_modules/domhandler": {
			"version": "4.3.1",
			"resolved": "https://registry.npmjs.org/domhandler/-/domhandler-4.3.1.tgz",
			"integrity": "sha512-GrwoxYN+uWlzO8uhUXRl0P+kHE4GtVPfYzVLcUxPL7KNdHKj66vvlhiweIHqYYXWlw+T8iLMp42Lm67ghw4WMQ==",
			"dependencies": {
				"domelementtype": "^2.2.0"
			},
			"engines": {
				"node": ">= 4"
			},
			"funding": {
				"url": "https://github.com/fb55/domhandler?sponsor=1"
			}
		},
		"node_modules/domutils": {
			"version": "2.8.0",
			"resolved": "https://registry.npmjs.org/domutils/-/domutils-2.8.0.tgz",
			"integrity": "sha512-w96Cjofp72M5IIhpjgobBimYEfoPjx1Vx0BSX9P30WBdZW2WIKU0T1Bd0kz2eNZ9ikjKgHbEyKx8BB6H1L3h3A==",
			"dependencies": {
				"dom-serializer": "^1.0.1",
				"domelementtype": "^2.2.0",
				"domhandler": "^4.2.0"
			},
			"funding": {
				"url": "https://github.com/fb55/domutils?sponsor=1"
			}
		},
		"node_modules/entities": {
			"version": "2.2.0",
			"resolved": "https://registry.npmjs.org/entities/-/entities-2.2.0.tgz",
			"integrity": "sha512-p92if5Nz619I0w+akJrLZH0MX0Pb5DX39XOwQTtXSdQQOaYH03S1uIQp4mhOZtAXrxq4ViO67YTiLBo2638o9A==",
			"funding": {
				"url": "https://github.com/fb55/entities?sponsor=1"
			}
		},
		"node_modules/fast-deep-equal": {
			"version": "3.1.3",
			"resolved": "https://registry.npmjs.org/fast-deep-equal/-/fast-deep-equal-3.1.3.tgz",
			"integrity": "sha512-f3qQ9oQy9j2AhBe/H9VC91wLmKBCCU/gDOnKNAYG5hswO7BLKj09Hc5HYNz9cGI++xlpDCIgDaitVs03ATR84Q=="
		},
		"node_modules/fsevents": {
			"version": "2.3.2",
			"resolved": "https://registry.npmjs.org/fsevents/-/fsevents-2.3.2.tgz",
			"integrity": "sha512-xiqMQR4xAeHTuB9uWm+fFRcIOgKBMiOBP+eXiyT7jsgVCq1bkVygt00oASowB7EdtpOHaaPgKt812P9ab+DDKA==",
			"dev": true,
			"hasInstallScript": true,
			"optional": true,
			"os": [
				"darwin"
			],
			"engines": {
				"node": "^8.16.0 || ^10.6.0 || >=11.0.0"
			}
		},
		"node_modules/howler": {
			"version": "2.2.3",
			"resolved": "https://registry.npmjs.org/howler/-/howler-2.2.3.tgz",
			"integrity": "sha512-QM0FFkw0LRX1PR8pNzJVAY25JhIWvbKMBFM4gqk+QdV+kPXOhleWGCB6AiAF/goGjIHK2e/nIElplvjQwhr0jg=="
		},
		"node_modules/htmlparser2": {
			"version": "6.1.0",
			"resolved": "https://registry.npmjs.org/htmlparser2/-/htmlparser2-6.1.0.tgz",
			"integrity": "sha512-gyyPk6rgonLFEDGoeRgQNaEUvdJ4ktTmmUh/h2t7s+M8oPpIPxgNACWa+6ESR57kXstwqPiCut0V8NRpcwgU7A==",
			"funding": [
				"https://github.com/fb55/htmlparser2?sponsor=1",
				{
					"type": "github",
					"url": "https://github.com/sponsors/fb55"
				}
			],
			"dependencies": {
				"domelementtype": "^2.0.1",
				"domhandler": "^4.0.0",
				"domutils": "^2.5.2",
				"entities": "^2.0.0"
			}
		},
		"node_modules/immediate": {
			"version": "3.0.6",
			"resolved": "https://registry.npmjs.org/immediate/-/immediate-3.0.6.tgz",
			"integrity": "sha512-XXOFtyqDjNDAQxVfYxuF7g9Il/IbWmmlQg2MYKOH8ExIT1qg6xc4zyS3HaEEATgs1btfzxq15ciUiY7gjSXRGQ=="
		},
		"node_modules/js-tokens": {
			"version": "4.0.0",
			"resolved": "https://registry.npmjs.org/js-tokens/-/js-tokens-4.0.0.tgz",
			"integrity": "sha512-RdJUflcE3cUzKiMqQgsCu06FPu9UdIJO0beYbPhHN4k6apgJtifcoCtT9bcxOpYBtpD2kCM6Sbzg4CausW/PKQ==",
			"peer": true
		},
		"node_modules/lie": {
			"version": "3.1.1",
			"resolved": "https://registry.npmjs.org/lie/-/lie-3.1.1.tgz",
			"integrity": "sha512-RiNhHysUjhrDQntfYSfY4MU24coXXdEOgw9WGcKHNeEwffDYbF//u87M1EWaMGzuFoSbqW0C9C6lEEhDOAswfw==",
			"dependencies": {
				"immediate": "~3.0.5"
			}
		},
		"node_modules/localforage": {
			"version": "1.10.0",
			"resolved": "https://registry.npmjs.org/localforage/-/localforage-1.10.0.tgz",
			"integrity": "sha512-14/H1aX7hzBBmmh7sGPd+AOMkkIrHM3Z1PAyGgZigA1H1p5O5ANnMyWzvpAETtG68/dC4pC0ncy3+PPGzXZHPg==",
			"dependencies": {
				"lie": "3.1.1"
			}
		},
		"node_modules/loose-envify": {
			"version": "1.4.0",
			"resolved": "https://registry.npmjs.org/loose-envify/-/loose-envify-1.4.0.tgz",
			"integrity": "sha512-lyuxPGr/Wfhrlem2CL/UcnUc1zcqKAImBDzukY7Y5F/yQiNdko6+fRLevlw1HgMySw7f611UIY408EtxRSoK3Q==",
			"peer": true,
			"dependencies": {
				"js-tokens": "^3.0.0 || ^4.0.0"
			},
			"bin": {
				"loose-envify": "cli.js"
			}
		},
		"node_modules/pocketbase": {
			"version": "0.10.1",
			"resolved": "https://registry.npmjs.org/pocketbase/-/pocketbase-0.10.1.tgz",
			"integrity": "sha512-FMBhF+9o2AmdKJYbfz2qunnk4Q5/efYMRcukdQF49UfhsIuaSYl39fSPN1l880bYI4XAvDDeySAjK1MlxrK37A=="
		},
		"node_modules/preact": {
			"version": "10.11.3",
			"resolved": "https://registry.npmjs.org/preact/-/preact-10.11.3.tgz",
			"integrity": "sha512-eY93IVpod/zG3uMF22Unl8h9KkrcKIRs2EGar8hwLZZDU1lkjph303V9HZBwufh2s736U6VXuhD109LYqPoffg==",
			"funding": {
				"type": "opencollective",
				"url": "https://opencollective.com/preact"
			}
		},
		"node_modules/preact-iso": {
			"version": "2.3.1",
			"resolved": "https://registry.npmjs.org/preact-iso/-/preact-iso-2.3.1.tgz",
			"integrity": "sha512-PtiG0dJlyvIDfvqROCybIFq96CS2s8nLg8ZR4Yporx3mPQ5FgWGNKb+ejjewtjEDMdCUlYmMT8SdapWEAxVJ2Q==",
			"peerDependencies": {
				"preact": ">=10",
				"preact-render-to-string": ">=5"
			}
		},
		"node_modules/preact-render-to-string": {
			"version": "5.2.6",
			"resolved": "https://registry.npmjs.org/preact-render-to-string/-/preact-render-to-string-5.2.6.tgz",
			"integrity": "sha512-JyhErpYOvBV1hEPwIxc/fHWXPfnEGdRKxc8gFdAZ7XV4tlzyzG847XAyEZqoDnynP88akM4eaHcSOzNcLWFguw==",
			"peer": true,
			"dependencies": {
				"pretty-format": "^3.8.0"
			},
			"peerDependencies": {
				"preact": ">=10"
			}
		},
		"node_modules/pretty-format": {
			"version": "3.8.0",
			"resolved": "https://registry.npmjs.org/pretty-format/-/pretty-format-3.8.0.tgz",
			"integrity": "sha512-WuxUnVtlWL1OfZFQFuqvnvs6MiAGk9UNsBostyBOB0Is9wb5uRESevA6rnl/rkksXaGX3GzZhPup5d6Vp1nFew==",
			"peer": true
		},
		"node_modules/react": {
			"version": "18.2.0",
			"resolved": "https://registry.npmjs.org/react/-/react-18.2.0.tgz",
			"integrity": "sha512-/3IjMdb2L9QbBdWiW5e3P2/npwMBaU9mHCSCUzNln0ZCYbcfTsGbTJrU/kGemdH2IWmB2ioZ+zkxtmq6g09fGQ==",
			"peer": true,
			"dependencies": {
				"loose-envify": "^1.1.0"
			},
			"engines": {
				"node": ">=0.10.0"
			}
		},
		"node_modules/style-vendorizer": {
			"version": "2.2.3",
			"resolved": "https://registry.npmjs.org/style-vendorizer/-/style-vendorizer-2.2.3.tgz",
			"integrity": "sha512-/VDRsWvQAgspVy9eATN3z6itKTuyg+jW1q6UoTCQCFRqPDw8bi3E1hXIKnGw5LvXS2AQPuJ7Af4auTLYeBOLEg=="
		},
		"node_modules/twind": {
			"version": "0.16.19",
			"resolved": "https://registry.npmjs.org/twind/-/twind-0.16.19.tgz",
			"integrity": "sha512-/9H7I/Xzji6UZ+x1V8/llcQSAI0bINqpZtvAqqTzuU/qAdzRCnrpaME8x57k8tUu2KbosjSQE85sSwcLBGD1DQ==",
			"dependencies": {
				"csstype": "^3.0.5",
				"htmlparser2": "^6.0.0",
				"style-vendorizer": "^2.0.0"
			},
			"engines": {
				"node": ">=10.13"
			},
			"peerDependencies": {
				"typescript": "^4.1.0"
			},
			"peerDependenciesMeta": {
				"typescript": {
					"optional": true
				}
			}
		},
		"node_modules/use-asset": {
			"version": "1.0.4",
			"resolved": "https://registry.npmjs.org/use-asset/-/use-asset-1.0.4.tgz",
			"integrity": "sha512-7/hqDrWa0iMnCoET9W1T07EmD4Eg/Wmoj/X8TGBc++ECRK4m5yTsjP4O6s0yagbxfqIOuUkIxe2/sA+VR2GxZA==",
			"dependencies": {
				"fast-deep-equal": "^3.1.3"
			},
			"peerDependencies": {
				"react": ">=17.0"
			}
		},
		"node_modules/wmr": {
			"version": "3.8.0",
			"resolved": "https://registry.npmjs.org/wmr/-/wmr-3.8.0.tgz",
			"integrity": "sha512-W3f2nB80C9Y0uNZXWMoxINkz4HdBRxt5MvxmcFcMlO87Ybsf6ny23kVUUzU8RA2LX86CpReMHl2Y0BTMLezLRg==",
			"dev": true,
			"bin": {
				"wmr": "wmr.cjs"
			},
			"engines": {
				"node": ">=12.17.x"
			},
			"optionalDependencies": {
				"fsevents": "^2.1.3"
			}
		},
		"node_modules/xstate": {
			"version": "4.35.3",
			"resolved": "https://registry.npmjs.org/xstate/-/xstate-4.35.3.tgz",
			"integrity": "sha512-/vM8la6OPcmT2P4R8p37P/Pzo8fTeEjvg+lxCfQ7vTeJg6NmzPHDJ5RdlrGfojEIabMxKW22Tm2kz8oV390Awg==",
			"funding": {
				"type": "opencollective",
				"url": "https://opencollective.com/xstate"
			}
		}
	}
}
